// !$*UTF8*$!
{
	archiveVersion = 1;
	classes = {
	};
	objectVersion = 46;
	objects = {

/* Begin PBXBuildFile section */
		03D2D6231A94E7A400D0A5FB /* AppDelegate.swift in Sources */ = {isa = PBXBuildFile; fileRef = 03D2D6221A94E7A400D0A5FB /* AppDelegate.swift */; };
		03D2D6251A94E7A400D0A5FB /* ViewController.swift in Sources */ = {isa = PBXBuildFile; fileRef = 03D2D6241A94E7A400D0A5FB /* ViewController.swift */; };
		03D2D6281A94E7A400D0A5FB /* Main.storyboard in Resources */ = {isa = PBXBuildFile; fileRef = 03D2D6261A94E7A400D0A5FB /* Main.storyboard */; };
		03D2D62A1A94E7A400D0A5FB /* Images.xcassets in Resources */ = {isa = PBXBuildFile; fileRef = 03D2D6291A94E7A400D0A5FB /* Images.xcassets */; };
		03D2D62D1A94E7A400D0A5FB /* LaunchScreen.xib in Resources */ = {isa = PBXBuildFile; fileRef = 03D2D62B1A94E7A400D0A5FB /* LaunchScreen.xib */; };
		03D2D6391A94E7A400D0A5FB /* BullsEyeTests.swift in Sources */ = {isa = PBXBuildFile; fileRef = 03D2D6381A94E7A400D0A5FB /* BullsEyeTests.swift */; };
		B2D66D4E1AA53AE300A5FF47 /* AboutViewController.swift in Sources */ = {isa = PBXBuildFile; fileRef = B2D66D4D1AA53AE300A5FF47 /* AboutViewController.swift */; };
/* End PBXBuildFile section */

/* Begin PBXContainerItemProxy section */
		03D2D6331A94E7A400D0A5FB /* PBXContainerItemProxy */ = {
			isa = PBXContainerItemProxy;
			containerPortal = 03D2D6151A94E7A400D0A5FB /* Project object */;
			proxyType = 1;
			remoteGlobalIDString = 03D2D61C1A94E7A400D0A5FB;
			remoteInfo = BullsEye;
		};
/* End PBXContainerItemProxy section */

/* Begin PBXFileReference section */
		03D2D61D1A94E7A400D0A5FB /* BullsEye.app */ = {isa = PBXFileReference; explicitFileType = wrapper.application; includeInIndex = 0; path = BullsEye.app; sourceTree = BUILT_PRODUCTS_DIR; };
		03D2D6211A94E7A400D0A5FB /* Info.plist */ = {isa = PBXFileReference; lastKnownFileType = text.plist.xml; path = Info.plist; sourceTree = "<group>"; };
		03D2D6221A94E7A400D0A5FB /* AppDelegate.swift */ = {isa = PBXFileReference; lastKnownFileType = sourcecode.swift; path = AppDelegate.swift; sourceTree = "<group>"; };
		03D2D6241A94E7A400D0A5FB /* ViewController.swift */ = {isa = PBXFileReference; lastKnownFileType = sourcecode.swift; path = ViewController.swift; sourceTree = "<group>"; };
		03D2D6271A94E7A400D0A5FB /* Base */ = {isa = PBXFileReference; lastKnownFileType = file.storyboard; name = Base; path = Base.lproj/Main.storyboard; sourceTree = "<group>"; };
		03D2D6291A94E7A400D0A5FB /* Images.xcassets */ = {isa = PBXFileReference; lastKnownFileType = folder.assetcatalog; path = Images.xcassets; sourceTree = "<group>"; };
		03D2D62C1A94E7A400D0A5FB /* Base */ = {isa = PBXFileReference; lastKnownFileType = file.xib; name = Base; path = Base.lproj/LaunchScreen.xib; sourceTree = "<group>"; };
		03D2D6321A94E7A400D0A5FB /* BullsEyeTests.xctest */ = {isa = PBXFileReference; explicitFileType = wrapper.cfbundle; includeInIndex = 0; path = BullsEyeTests.xctest; sourceTree = BUILT_PRODUCTS_DIR; };
		03D2D6371A94E7A400D0A5FB /* Info.plist */ = {isa = PBXFileReference; lastKnownFileType = text.plist.xml; path = Info.plist; sourceTree = "<group>"; };
		03D2D6381A94E7A400D0A5FB /* BullsEyeTests.swift */ = {isa = PBXFileReference; lastKnownFileType = sourcecode.swift; path = BullsEyeTests.swift; sourceTree = "<group>"; };
		B2D66D4D1AA53AE300A5FF47 /* AboutViewController.swift */ = {isa = PBXFileReference; fileEncoding = 4; lastKnownFileType = sourcecode.swift; path = AboutViewController.swift; sourceTree = "<group>"; };
/* End PBXFileReference section */

/* Begin PBXFrameworksBuildPhase section */
		03D2D61A1A94E7A400D0A5FB /* Frameworks */ = {
			isa = PBXFrameworksBuildPhase;
			buildActionMask = 2147483647;
			files = (
			);
			runOnlyForDeploymentPostprocessing = 0;
		};
		03D2D62F1A94E7A400D0A5FB /* Frameworks */ = {
			isa = PBXFrameworksBuildPhase;
			buildActionMask = 2147483647;
			files = (
			);
			runOnlyForDeploymentPostprocessing = 0;
		};
/* End PBXFrameworksBuildPhase section */

/* Begin PBXGroup section */
		03D2D6141A94E7A400D0A5FB = {
			isa = PBXGroup;
			children = (
				03D2D61F1A94E7A400D0A5FB /* BullsEye */,
				03D2D6351A94E7A400D0A5FB /* BullsEyeTests */,
				03D2D61E1A94E7A400D0A5FB /* Products */,
			);
			sourceTree = "<group>";
		};
		03D2D61E1A94E7A400D0A5FB /* Products */ = {
			isa = PBXGroup;
			children = (
				03D2D61D1A94E7A400D0A5FB /* BullsEye.app */,
				03D2D6321A94E7A400D0A5FB /* BullsEyeTests.xctest */,
			);
			name = Products;
			sourceTree = "<group>";
		};
		03D2D61F1A94E7A400D0A5FB /* BullsEye */ = {
			isa = PBXGroup;
			children = (
				03D2D6221A94E7A400D0A5FB /* AppDelegate.swift */,
				03D2D6241A94E7A400D0A5FB /* ViewController.swift */,
				03D2D6261A94E7A400D0A5FB /* Main.storyboard */,
				B2D66D4D1AA53AE300A5FF47 /* AboutViewController.swift */,
				03D2D6291A94E7A400D0A5FB /* Images.xcassets */,
				03D2D62B1A94E7A400D0A5FB /* LaunchScreen.xib */,
				03D2D6201A94E7A400D0A5FB /* Supporting Files */,
			);
			path = BullsEye;
			sourceTree = "<group>";
		};
		03D2D6201A94E7A400D0A5FB /* Supporting Files */ = {
			isa = PBXGroup;
			children = (
				03D2D6211A94E7A400D0A5FB /* Info.plist */,
			);
			name = "Supporting Files";
			sourceTree = "<group>";
		};
		03D2D6351A94E7A400D0A5FB /* BullsEyeTests */ = {
			isa = PBXGroup;
			children = (
				03D2D6381A94E7A400D0A5FB /* BullsEyeTests.swift */,
				03D2D6361A94E7A400D0A5FB /* Supporting Files */,
			);
			path = BullsEyeTests;
			sourceTree = "<group>";
		};
		03D2D6361A94E7A400D0A5FB /* Supporting Files */ = {
			isa = PBXGroup;
			children = (
				03D2D6371A94E7A400D0A5FB /* Info.plist */,
			);
			name = "Supporting Files";
			sourceTree = "<group>";
		};
/* End PBXGroup section */

/* Begin PBXNativeTarget section */
		03D2D61C1A94E7A400D0A5FB /* BullsEye */ = {
			isa = PBXNativeTarget;
			buildConfigurationList = 03D2D63C1A94E7A400D0A5FB /* Build configuration list for PBXNativeTarget "BullsEye" */;
			buildPhases = (
				03D2D6191A94E7A400D0A5FB /* Sources */,
				03D2D61A1A94E7A400D0A5FB /* Frameworks */,
				03D2D61B1A94E7A400D0A5FB /* Resources */,
			);
			buildRules = (
			);
			dependencies = (
			);
			name = BullsEye;
			productName = BullsEye;
			productReference = 03D2D61D1A94E7A400D0A5FB /* BullsEye.app */;
			productType = "com.apple.product-type.application";
		};
		03D2D6311A94E7A400D0A5FB /* BullsEyeTests */ = {
			isa = PBXNativeTarget;
			buildConfigurationList = 03D2D63F1A94E7A400D0A5FB /* Build configuration list for PBXNativeTarget "BullsEyeTests" */;
			buildPhases = (
				03D2D62E1A94E7A400D0A5FB /* Sources */,
				03D2D62F1A94E7A400D0A5FB /* Frameworks */,
				03D2D6301A94E7A400D0A5FB /* Resources */,
			);
			buildRules = (
			);
			dependencies = (
				03D2D6341A94E7A400D0A5FB /* PBXTargetDependency */,
			);
			name = BullsEyeTests;
			productName = BullsEyeTests;
			productReference = 03D2D6321A94E7A400D0A5FB /* BullsEyeTests.xctest */;
			productType = "com.apple.product-type.bundle.unit-test";
		};
/* End PBXNativeTarget section */

/* Begin PBXProject section */
		03D2D6151A94E7A400D0A5FB /* Project object */ = {
			isa = PBXProject;
			attributes = {
				LastUpgradeCheck = 0610;
				ORGANIZATIONNAME = "Teon Bedford";
				TargetAttributes = {
					03D2D61C1A94E7A400D0A5FB = {
						CreatedOnToolsVersion = 6.1.1;
					};
					03D2D6311A94E7A400D0A5FB = {
						CreatedOnToolsVersion = 6.1.1;
						TestTargetID = 03D2D61C1A94E7A400D0A5FB;
					};
				};
			};
			buildConfigurationList = 03D2D6181A94E7A400D0A5FB /* Build configuration list for PBXProject "BullsEye" */;
			compatibilityVersion = "Xcode 3.2";
			developmentRegion = English;
			hasScannedForEncodings = 0;
			knownRegions = (
				en,
				Base,
			);
			mainGroup = 03D2D6141A94E7A400D0A5FB;
			productRefGroup = 03D2D61E1A94E7A400D0A5FB /* Products */;
			projectDirPath = "";
			projectRoot = "";
			targets = (
				03D2D61C1A94E7A400D0A5FB /* BullsEye */,
				03D2D6311A94E7A400D0A5FB /* BullsEyeTests */,
			);
		};
/* End PBXProject section */

/* Begin PBXResourcesBuildPhase section */
		03D2D61B1A94E7A400D0A5FB /* Resources */ = {
			isa = PBXResourcesBuildPhase;
			buildActionMask = 2147483647;
			files = (
				03D2D6281A94E7A400D0A5FB /* Main.storyboard in Resources */,
				03D2D62D1A94E7A400D0A5FB /* LaunchScreen.xib in Resources */,
				03D2D62A1A94E7A400D0A5FB /* Images.xcassets in Resources */,
			);
			runOnlyForDeploymentPostprocessing = 0;
		};
		03D2D6301A94E7A400D0A5FB /* Resources */ = {
			isa = PBXResourcesBuildPhase;
			buildActionMask = 2147483647;
			files = (
			);
			runOnlyForDeploymentPostprocessing = 0;
		};
/* End PBXResourcesBuildPhase section */

/* Begin PBXSourcesBuildPhase section */
		03D2D6191A94E7A400D0A5FB /* Sources */ = {
			isa = PBXSourcesBuildPhase;
			buildActionMask = 2147483647;
			files = (
				B2D66D4E1AA53AE300A5FF47 /* AboutViewController.swift in Sources */,
				03D2D6251A94E7A400D0A5FB /* ViewController.swift in Sources */,
				03D2D6231A94E7A400D0A5FB /* AppDelegate.swift in Sources */,
			);
			runOnlyForDeploymentPostprocessing = 0;
		};
		03D2D62E1A94E7A400D0A5FB /* Sources */ = {
			isa = PBXSourcesBuildPhase;
			buildActionMask = 2147483647;
			files = (
				03D2D6391A94E7A400D0A5FB /* BullsEyeTests.swift in Sources */,
			);
			runOnlyForDeploymentPostprocessing = 0;
		};
/* End PBXSourcesBuildPhase section */

/* Begin PBXTargetDependency section */
		03D2D6341A94E7A400D0A5FB /* PBXTargetDependency */ = {
			isa = PBXTargetDependency;
			target = 03D2D61C1A94E7A400D0A5FB /* BullsEye */;
			targetProxy = 03D2D6331A94E7A400D0A5FB /* PBXContainerItemProxy */;
		};
/* End PBXTargetDependency section */

/* Begin PBXVariantGroup section */
		03D2D6261A94E7A400D0A5FB /* Main.storyboard */ = {
			isa = PBXVariantGroup;
			children = (
				03D2D6271A94E7A400D0A5FB /* Base */,
			);
			name = Main.storyboard;
			sourceTree = "<group>";
		};
		03D2D62B1A94E7A400D0A5FB /* LaunchScreen.xib */ = {
			isa = PBXVariantGroup;
			children = (
				03D2D62C1A94E7A400D0A5FB /* Base */,
			);
			name = LaunchScreen.xib;
			sourceTree = "<group>";
		};
/* End PBXVariantGroup section */

/* Begin XCBuildConfiguration section */
		03D2D63A1A94E7A400D0A5FB /* Debug */ = {
			isa = XCBuildConfiguration;
			buildSettings = {
				ALWAYS_SEARCH_USER_PATHS = NO;
				CLANG_CXX_LANGUAGE_STANDARD = "gnu++0x";
				CLANG_CXX_LIBRARY = "libc++";
				CLANG_ENABLE_MODULES = YES;
				CLANG_ENABLE_OBJC_ARC = YES;
				CLANG_WARN_BOOL_CONVERSION = YES;
				CLANG_WARN_CONSTANT_CONVERSION = YES;
				CLANG_WARN_DIRECT_OBJC_ISA_USAGE = YES_ERROR;
				CLANG_WARN_EMPTY_BODY = YES;
				CLANG_WARN_ENUM_CONVERSION = YES;
				CLANG_WARN_INT_CONVERSION = YES;
				CLANG_WARN_OBJC_ROOT_CLASS = YES_ERROR;
				CLANG_WARN_UNREACHABLE_CODE = YES;
				CLANG_WARN__DUPLICATE_METHOD_MATCH = YES;
				"CODE_SIGN_IDENTITY[sdk=iphoneos*]" = "iPhone Developer";
				COPY_PHASE_STRIP = NO;
				ENABLE_STRICT_OBJC_MSGSEND = YES;
				GCC_C_LANGUAGE_STANDARD = gnu99;
				GCC_DYNAMIC_NO_PIC = NO;
				GCC_OPTIMIZATION_LEVEL = 0;
				GCC_PREPROCESSOR_DEFINITIONS = (
					"DEBUG=1",
					"$(inherited)",
				);
				GCC_SYMBOLS_PRIVATE_EXTERN = NO;
				GCC_WARN_64_TO_32_BIT_CONVERSION = YES;
				GCC_WARN_ABOUT_RETURN_TYPE = YES_ERROR;
				GCC_WARN_UNDECLARED_SELECTOR = YES;
				GCC_WARN_UNINITIALIZED_AUTOS = YES_AGGRESSIVE;
				GCC_WARN_UNUSED_FUNCTION = YES;
				GCC_WARN_UNUSED_VARIABLE = YES;
				IPHONEOS_DEPLOYMENT_TARGET = 8.1;
				MTL_ENABLE_DEBUG_INFO = YES;
				ONLY_ACTIVE_ARCH = YES;
				SDKROOT = iphoneos;
				SWIFT_OPTIMIZATION_LEVEL = "-Onone";
			};
			name = Debug;
		};
		03D2D63B1A94E7A400D0A5FB /* Release */ = {
			isa = XCBuildConfiguration;
			buildSettings = {
				ALWAYS_SEARCH_USER_PATHS = NO;
				CLANG_CXX_LANGUAGE_STANDARD = "gnu++0x";
				CLANG_CXX_LIBRARY = "libc++";
				CLANG_ENABLE_MODULES = YES;
				CLANG_ENABLE_OBJC_ARC = YES;
				CLANG_WARN_BOOL_CONVERSION = YES;
				CLANG_WARN_CONSTANT_CONVERSION = YES;
				CLANG_WARN_DIRECT_OBJC_ISA_USAGE = YES_ERROR;
				CLANG_WARN_EMPTY_BODY = YES;
				CLANG_WARN_ENUM_CONVERSION = YES;
				CLANG_WARN_INT_CONVERSION = YES;
				CLANG_WARN_OBJC_ROOT_CLASS = YES_ERROR;
				CLANG_WARN_UNREACHABLE_CODE = YES;
				CLANG_WARN__DUPLICATE_METHOD_MATCH = YES;
				"CODE_SIGN_IDENTITY[sdk=iphoneos*]" = "iPhone Developer";
				COPY_PHASE_STRIP = YES;
				ENABLE_NS_ASSERTIONS = NO;
				ENABLE_STRICT_OBJC_MSGSEND = YES;
				GCC_C_LANGUAGE_STANDARD = gnu99;
				GCC_WARN_64_TO_32_BIT_CONVERSION = YES;
				GCC_WARN_ABOUT_RETURN_TYPE = YES_ERROR;
				GCC_WARN_UNDECLARED_SELECTOR = YES;
				GCC_WARN_UNINITIALIZED_AUTOS = YES_AGGRESSIVE;
				GCC_WARN_UNUSED_FUNCTION = YES;
				GCC_WARN_UNUSED_VARIABLE = YES;
				IPHONEOS_DEPLOYMENT_TARGET = 8.1;
				MTL_ENABLE_DEBUG_INFO = NO;
				SDKROOT = iphoneos;
				VALIDATE_PRODUCT = YES;
			};
			name = Release;
		};
		03D2D63D1A94E7A400D0A5FB /* Debug */ = {
			isa = XCBuildConfiguration;
			buildSettings = {
				ASSETCATALOG_COMPILER_APPICON_NAME = AppIcon;
				INFOPLIST_FILE = BullsEye/Info.plist;
				LD_RUNPATH_SEARCH_PATHS = "$(inherited) @executable_path/Frameworks";
				PRODUCT_NAME = "$(TARGET_NAME)";
			};
			name = Debug;
		};
		03D2D63E1A94E7A400D0A5FB /* Release */ = {
			isa = XCBuildConfiguration;
			buildSettings = {
				ASSETCATALOG_COMPILER_APPICON_NAME = AppIcon;
				INFOPLIST_FILE = BullsEye/Info.plist;
				LD_RUNPATH_SEARCH_PATHS = "$(inherited) @executable_path/Frameworks";
				PRODUCT_NAME = "$(TARGET_NAME)";
			};
			name = Release;
		};
		03D2D6401A94E7A400D0A5FB /* Debug */ = {
			isa = XCBuildConfiguration;
			buildSettings = {
				BUNDLE_LOADER = "$(TEST_HOST)";
				FRAMEWORK_SEARCH_PATHS = (
					"$(SDKROOT)/Developer/Library/Frameworks",
					"$(inherited)",
				);
				GCC_PREPROCESSOR_DEFINITIONS = (
					"DEBUG=1",
					"$(inherited)",
				);
				INFOPLIST_FILE = BullsEyeTests/Info.plist;
				LD_RUNPATH_SEARCH_PATHS = "$(inherited) @executable_path/Frameworks @loader_path/Frameworks";
				PRODUCT_NAME = "$(TARGET_NAME)";
				TEST_HOST = "$(BUILT_PRODUCTS_DIR)/BullsEye.app/BullsEye";
			};
			name = Debug;
		};
		03D2D6411A94E7A400D0A5FB /* Release */ = {
			isa = XCBuildConfiguration;
			buildSettings = {
				BUNDLE_LOADER = "$(TEST_HOST)";
				FRAMEWORK_SEARCH_PATHS = (
					"$(SDKROOT)/Developer/Library/Frameworks",
					"$(inherited)",
				);
				INFOPLIST_FILE = BullsEyeTests/Info.plist;
				LD_RUNPATH_SEARCH_PATHS = "$(inherited) @executable_path/Frameworks @loader_path/Frameworks";
				PRODUCT_NAME = "$(TARGET_NAME)";
				TEST_HOST = "$(BUILT_PRODUCTS_DIR)/BullsEye.app/BullsEye";
			};
			name = Release;
		};
/* End XCBuildConfiguration section */

/* Begin XCConfigurationList section */
		03D2D6181A94E7A400D0A5FB /* Build configuration list for PBXProject "BullsEye" */ = {
			isa = XCConfigurationList;
			buildConfigurations = (
				03D2D63A1A94E7A400D0A5FB /* Debug */,
				03D2D63B1A94E7A400D0A5FB /* Release */,
			);
			defaultConfigurationIsVisible = 0;
			defaultConfigurationName = Release;
		};
		03D2D63C1A94E7A400D0A5FB /* Build configuration list for PBXNativeTarget "BullsEye" */ = {
			isa = XCConfigurationList;
			buildConfigurations = (
				03D2D63D1A94E7A400D0A5FB /* Debug */,
				03D2D63E1A94E7A400D0A5FB /* Release */,
			);
			defaultConfigurationIsVisible = 0;
			defaultConfigurationName = Release;
		};
		03D2D63F1A94E7A400D0A5FB /* Build configuration list for PBXNativeTarget "BullsEyeTests" */ = {
			isa = XCConfigurationList;
			buildConfigurations = (
				03D2D6401A94E7A400D0A5FB /* Debug */,
				03D2D6411A94E7A400D0A5FB /* Release */,
			);
			defaultConfigurationIsVisible = 0;
			defaultConfigurationName = Release;
		};
/* End XCConfigurationList section */
	};
	rootObject = 03D2D6151A94E7A400D0A5FB /* Project object */;
}
